<?xml version="1.0" encoding="UTF-8"?>
<Scheme LastUpgradeVersion="2630" version="1.7">
  <BuildAction parallelizeBuildables="YES" buildImplicitDependencies="YES"><BuildActionEntries><BuildActionEntry buildForTesting="YES" buildForRunning="YES" buildForProfiling="YES" buildForArchiving="YES" buildForAnalyzing="YES"><BuildableReference BuildableIdentifier="primary" BlueprintIdentifier="T001" BuildableName="Clipboard.app" BlueprintName="Clipboard" ReferencedContainer="container:iOSDashClipboard.xcodeproj"/></BuildActionEntry></BuildActionEntries></BuildAction>
  <TestAction buildConfiguration="Debug" selectedDebuggerIdentifier="Xcode.DebuggerFoundation.Debugger.LLDB" selectedLauncherIdentifier="Xcode.DebuggerFoundation.Launcher.LLDB" shouldUseLaunchSchemeArgsEnv="YES"><Testables><TestableReference skipped="NO"><BuildableReference BuildableIdentifier="primary" BlueprintIdentifier="T003" BuildableName="ClipboardStoreTests.xctest" BlueprintName="ClipboardStoreTests" ReferencedContainer="container:iOSDashClipboard.xcodeproj"/></TestableReference><TestableReference skipped="NO"><BuildableReference BuildableIdentifier="primary" BlueprintIdentifier="T004" BuildableName="ClipboardUITests.xctest" BlueprintName="ClipboardUITests" ReferencedContainer="container:iOSDashClipboard.xcodeproj"/></TestableReference></Testables></TestAction>
  <LaunchAction buildConfiguration="Debug" selectedDebuggerIdentifier="Xcode.DebuggerFoundation.Debugger.LLDB" selectedLauncherIdentifier="Xcode.DebuggerFoundation.Launcher.LLDB" launchStyle="0" useCustomWorkingDirectory="NO" ignoresPersistentStateOnLaunch="NO" debugDocumentVersioning="YES" debugServiceExtension="internal" allowLocationSimulation="YES"><BuildableProductRunnable runnableDebuggingMode="0"><BuildableReference BuildableIdentifier="primary" BlueprintIdentifier="T001" BuildableName="Clipboard.app" BlueprintName="Clipboard" ReferencedContainer="container:iOSDashClipboard.xcodeproj"/></BuildableProductRunnable></LaunchAction>
  <ProfileAction buildConfiguration="Release" shouldUseLaunchSchemeArgsEnv="YES"><BuildableProductRunnable runnableDebuggingMode="0"><BuildableReference BuildableIdentifier="primary" BlueprintIdentifier="T001" BuildableName="Clipboard.app" BlueprintName="Clipboard" ReferencedContainer="container:iOSDashClipboard.xcodeproj"/></BuildableProductRunnable></ProfileAction>
  <AnalyzeAction buildConfiguration="Debug"/><ArchiveAction buildConfiguration="Release" revealArchiveInOrganizer="YES"/>
</Scheme>
